Microsoft Visual Studio Solution File, Format Version 12.00
# Visual Studio Version 17
VisualStudioVersion = 17.5.2.0
MinimumVisualStudioVersion = 10.0.40219.1
Project("{2150E333-8FDC-42A3-9474-1A3956D46DE8}") = "src", "src", "{D478E4EF-C893-4B5E-A91C-67B28FAD55AC}"
EndProject
Project("{FAE04EC0-301F-11D3-BF4B-00C04F79EFBC}") = "EventGridWebhookApp", "src\EventGridWebhookApp\EventGridWebhookApp.csproj", "{C082671A-7BF6-1BD5-9E1F-601924E13290}"
EndProject
Project("{2150E333-8FDC-42A3-9474-1A3956D46DE8}") = "test", "test", "{0C88DD14-F956-CE84-757C-A364CCF449FC}"
EndProject
Project("{FAE04EC0-301F-11D3-BF4B-00C04F79EFBC}") = "EventGridWebhookApp.Tests", "test\EventGridWebhookApp.Tests\EventGridWebhookApp.Tests.csproj", "{982346BD-498F-414B-9E3C-96C76E444498}"
EndProject
Global
	GlobalSection(SolutionConfigurationPlatforms) = preSolution
		Debug|Any CPU = Debug|Any CPU
		Debug|x64 = Debug|x64
		Debug|x86 = Debug|x86
		Release|Any CPU = Release|Any CPU
		Release|x64 = Release|x64
		Release|x86 = Release|x86
	EndGlobalSection
	GlobalSection(ProjectConfigurationPlatforms) = postSolution
		{C082671A-7BF6-1BD5-9E1F-601924E13290}.Debug|Any CPU.ActiveCfg = Debug|Any CPU
		{C082671A-7BF6-1BD5-9E1F-601924E13290}.Debug|Any CPU.Build.0 = Debug|Any CPU
		{C082671A-7BF6-1BD5-9E1F-601924E13290}.Debug|x64.ActiveCfg = Debug|Any CPU
		{C082671A-7BF6-1BD5-9E1F-601924E13290}.Debug|x64.Build.0 = Debug|Any CPU
		{C082671A-7BF6-1BD5-9E1F-601924E13290}.Debug|x86.ActiveCfg = Debug|Any CPU
		{C082671A-7BF6-1BD5-9E1F-601924E13290}.Debug|x86.Build.0 = Debug|Any CPU
		{C082671A-7BF6-1BD5-9E1F-601924E13290}.Release|Any CPU.ActiveCfg = Release|Any CPU
		{C082671A-7BF6-1BD5-9E1F-601924E13290}.Release|Any CPU.Build.0 = Release|Any CPU
		{C082671A-7BF6-1BD5-9E1F-601924E13290}.Release|x64.ActiveCfg = Release|Any CPU
		{C082671A-7BF6-1BD5-9E1F-601924E13290}.Release|x64.Build.0 = Release|Any CPU
		{C082671A-7BF6-1BD5-9E1F-601924E13290}.Release|x86.ActiveCfg = Release|Any CPU
		{C082671A-7BF6-1BD5-9E1F-601924E13290}.Release|x86.Build.0 = Release|Any CPU
		{982346BD-498F-414B-9E3C-96C76E444498}.Debug|Any CPU.ActiveCfg = Debug|Any CPU
		{982346BD-498F-414B-9E3C-96C76E444498}.Debug|Any CPU.Build.0 = Debug|Any CPU
		{982346BD-498F-414B-9E3C-96C76E444498}.Debug|x64.ActiveCfg = Debug|Any CPU
		{982346BD-498F-414B-9E3C-96C76E444498}.Debug|x64.Build.0 = Debug|Any CPU
		{982346BD-498F-414B-9E3C-96C76E444498}.Debug|x86.ActiveCfg = Debug|Any CPU
		{982346BD-498F-414B-9E3C-96C76E444498}.Debug|x86.Build.0 = Debug|Any CPU
		{982346BD-498F-414B-9E3C-96C76E444498}.Release|Any CPU.ActiveCfg = Release|Any CPU
		{982346BD-498F-414B-9E3C-96C76E444498}.Release|Any CPU.Build.0 = Release|Any CPU
		{982346BD-498F-414B-9E3C-96C76E444498}.Release|x64.ActiveCfg = Release|Any CPU
		{982346BD-498F-414B-9E3C-96C76E444498}.Release|x64.Build.0 = Release|Any CPU
		{982346BD-498F-414B-9E3C-96C76E444498}.Release|x86.ActiveCfg = Release|Any CPU
		{982346BD-498F-414B-9E3C-96C76E444498}.Release|x86.Build.0 = Release|Any CPU
	EndGlobalSection
	GlobalSection(SolutionProperties) = preSolution
		HideSolutionNode = FALSE
	EndGlobalSection
	GlobalSection(NestedProjects) = preSolution
		{C082671A-7BF6-1BD5-9E1F-601924E13290} = {D478E4EF-C893-4B5E-A91C-67B28FAD55AC}
		{982346BD-498F-414B-9E3C-96C76E444498} = {0C88DD14-F956-CE84-757C-A364CCF449FC}
	EndGlobalSection
	GlobalSection(ExtensibilityGlobals) = postSolution
		SolutionGuid = {763D6E84-769C-4C63-A901-F6A3E366E008}
	EndGlobalSection
EndGlobal
